
Microsoft Visual Studio Solution File, Format Version 12.00
# Visual Studio Version 17
VisualStudioVersion = 17.0.31612.314
MinimumVisualStudioVersion = 10.0.40219.1
Project("{FAE04EC0-301F-11D3-BF4B-00C04F79EFBC}") = "CarRentalManagement.Client", "CarRentalManagement\Client\CarRentalManagement.Client.csproj", "{7FD5D766-D421-4042-BF76-07EAB14CD920}"
EndProject
Project("{FAE04EC0-301F-11D3-BF4B-00C04F79EFBC}") = "CarRentalManagement.Server", "CarRentalManagement\Server\CarRentalManagement.Server.csproj", "{3A9877D2-7A01-438F-9D6D-2D26F0ABF555}"
EndProject
Project("{FAE04EC0-301F-11D3-BF4B-00C04F79EFBC}") = "CarRentalManagement.Shared", "CarRentalManagement\Shared\CarRentalManagement.Shared.csproj", "{AA812EFD-7E23-43E8-AADA-09B07D3004D0}"
EndProject
Global
	GlobalSection(SolutionConfigurationPlatforms) = preSolution
		Debug|Any CPU = Debug|Any CPU
		Release|Any CPU = Release|Any CPU
	EndGlobalSection
	GlobalSection(ProjectConfigurationPlatforms) = postSolution
		{7FD5D766-D421-4042-BF76-07EAB14CD920}.Debug|Any CPU.ActiveCfg = Debug|Any CPU
		{7FD5D766-D421-4042-BF76-07EAB14CD920}.Debug|Any CPU.Build.0 = Debug|Any CPU
		{7FD5D766-D421-4042-BF76-07EAB14CD920}.Release|Any CPU.ActiveCfg = Release|Any CPU
		{7FD5D766-D421-4042-BF76-07EAB14CD920}.Release|Any CPU.Build.0 = Release|Any CPU
		{3A9877D2-7A01-438F-9D6D-2D26F0ABF555}.Debug|Any CPU.ActiveCfg = Debug|Any CPU
		{3A9877D2-7A01-438F-9D6D-2D26F0ABF555}.Debug|Any CPU.Build.0 = Debug|Any CPU
		{3A9877D2-7A01-438F-9D6D-2D26F0ABF555}.Release|Any CPU.ActiveCfg = Release|Any CPU
		{3A9877D2-7A01-438F-9D6D-2D26F0ABF555}.Release|Any CPU.Build.0 = Release|Any CPU
		{AA812EFD-7E23-43E8-AADA-09B07D3004D0}.Debug|Any CPU.ActiveCfg = Debug|Any CPU
		{AA812EFD-7E23-43E8-AADA-09B07D3004D0}.Debug|Any CPU.Build.0 = Debug|Any CPU
		{AA812EFD-7E23-43E8-AADA-09B07D3004D0}.Release|Any CPU.ActiveCfg = Release|Any CPU
		{AA812EFD-7E23-43E8-AADA-09B07D3004D0}.Release|Any CPU.Build.0 = Release|Any CPU
	EndGlobalSection
	GlobalSection(SolutionProperties) = preSolution
		HideSolutionNode = FALSE
	EndGlobalSection
	GlobalSection(ExtensibilityGlobals) = postSolution
		SolutionGuid = {E67EB265-8036-4ECB-837B-32B987E7DE09}
	EndGlobalSection
EndGlobal
